
Microsoft Visual Studio Solution File, Format Version 12.00
# Visual Studio Version 17
VisualStudioVersion = 17.8.34525.116
MinimumVisualStudioVersion = 10.0.40219.1
Project("{9A19103F-16F7-4668-BE54-9A1E7A4F7556}") = "Hotel System Back", "Hotel System Back\Hotel System Back.csproj", "{46FBD5FE-078F-496F-A906-FBAED40FFC2D}"
EndProject
Global
	GlobalSection(SolutionConfigurationPlatforms) = preSolution
		Debug|Any CPU = Debug|Any CPU
		Release|Any CPU = Release|Any CPU
	EndGlobalSection
	GlobalSection(ProjectConfigurationPlatforms) = postSolution
		{46FBD5FE-078F-496F-A906-FBAED40FFC2D}.Debug|Any CPU.ActiveCfg = Debug|Any CPU
		{46FBD5FE-078F-496F-A906-FBAED40FFC2D}.Debug|Any CPU.Build.0 = Debug|Any CPU
		{46FBD5FE-078F-496F-A906-FBAED40FFC2D}.Release|Any CPU.ActiveCfg = Release|Any CPU
		{46FBD5FE-078F-496F-A906-FBAED40FFC2D}.Release|Any CPU.Build.0 = Release|Any CPU
	EndGlobalSection
	GlobalSection(SolutionProperties) = preSolution
		HideSolutionNode = FALSE
	EndGlobalSection
	GlobalSection(ExtensibilityGlobals) = postSolution
		SolutionGuid = {6896C764-0A89-478B-A3A4-E4A58472CD3A}
	EndGlobalSection
EndGlobal
